
Microsoft Visual Studio Solution File, Format Version 12.00
# Visual Studio 2017
Project("{FAE04EC0-301F-11D3-BF4B-00C04F79EFBC}") = "Escape_Together.Plugins", "Escape_Together.Plugins.csproj", "{E3182557-E246-C5A7-089B-A8BDF88192EB}"
EndProject
Project("{FAE04EC0-301F-11D3-BF4B-00C04F79EFBC}") = "Escape_Together", "Escape_Together.csproj", "{B1BC016B-AACF-4B0A-2810-72546F962244}"
EndProject
Project("{FAE04EC0-301F-11D3-BF4B-00C04F79EFBC}") = "Escape_Together.Editor.Plugins", "Escape_Together.Editor.Plugins.csproj", "{78AD3756-393F-4066-830E-6B99BE4F9EF0}"
EndProject
Global
	GlobalSection(SolutionConfigurationPlatforms) = preSolution
		Debug|Any CPU = Debug|Any CPU
		Release|Any CPU = Release|Any CPU
	EndGlobalSection
	GlobalSection(ProjectConfigurationPlatforms) = postSolution
		{E3182557-E246-C5A7-089B-A8BDF88192EB}.Debug|Any CPU.ActiveCfg = Debug|Any CPU
		{E3182557-E246-C5A7-089B-A8BDF88192EB}.Debug|Any CPU.Build.0 = Debug|Any CPU
		{E3182557-E246-C5A7-089B-A8BDF88192EB}.Release|Any CPU.ActiveCfg = Release|Any CPU
		{E3182557-E246-C5A7-089B-A8BDF88192EB}.Release|Any CPU.Build.0 = Release|Any CPU
		{B1BC016B-AACF-4B0A-2810-72546F962244}.Debug|Any CPU.ActiveCfg = Debug|Any CPU
		{B1BC016B-AACF-4B0A-2810-72546F962244}.Debug|Any CPU.Build.0 = Debug|Any CPU
		{B1BC016B-AACF-4B0A-2810-72546F962244}.Release|Any CPU.ActiveCfg = Release|Any CPU
		{B1BC016B-AACF-4B0A-2810-72546F962244}.Release|Any CPU.Build.0 = Release|Any CPU
		{78AD3756-393F-4066-830E-6B99BE4F9EF0}.Debug|Any CPU.ActiveCfg = Debug|Any CPU
		{78AD3756-393F-4066-830E-6B99BE4F9EF0}.Debug|Any CPU.Build.0 = Debug|Any CPU
		{78AD3756-393F-4066-830E-6B99BE4F9EF0}.Release|Any CPU.ActiveCfg = Release|Any CPU
		{78AD3756-393F-4066-830E-6B99BE4F9EF0}.Release|Any CPU.Build.0 = Release|Any CPU
	EndGlobalSection
	GlobalSection(SolutionProperties) = preSolution
		HideSolutionNode = FALSE
	EndGlobalSection
EndGlobal
